
Microsoft Visual Studio Solution File, Format Version 12.00
# Visual Studio Version 17
VisualStudioVersion = 17.10.34607.79
MinimumVisualStudioVersion = 10.0.40219.1
Project("{FAE04EC0-301F-11D3-BF4B-00C04F79EFBC}") = "Insomnia", "Insomnia.csproj", "{1608B78D-3C6F-47AD-A03A-250D10E5FCEE}"
EndProject
Global
	GlobalSection(SolutionConfigurationPlatforms) = preSolution
		Debug|Any CPU = Debug|Any CPU
		Release|Any CPU = Release|Any CPU
	EndGlobalSection
	GlobalSection(ProjectConfigurationPlatforms) = postSolution
		{1608B78D-3C6F-47AD-A03A-250D10E5FCEE}.Debug|Any CPU.ActiveCfg = Debug|Any CPU
		{1608B78D-3C6F-47AD-A03A-250D10E5FCEE}.Debug|Any CPU.Build.0 = Debug|Any CPU
		{1608B78D-3C6F-47AD-A03A-250D10E5FCEE}.Release|Any CPU.ActiveCfg = Release|Any CPU
		{1608B78D-3C6F-47AD-A03A-250D10E5FCEE}.Release|Any CPU.Build.0 = Release|Any CPU
	EndGlobalSection
	GlobalSection(SolutionProperties) = preSolution
		HideSolutionNode = FALSE
	EndGlobalSection
	GlobalSection(ExtensibilityGlobals) = postSolution
		SolutionGuid = {3FF425F0-C457-4954-9C11-CFF40CD65005}
	EndGlobalSection
EndGlobal
